{
    "_meta": {
        "hash": {
            "sha256": "2e56920839f14504e6d4ff941e5bedb6f06866def0d55d7fedc802b03a017350"
        },
        "pipfile-spec": 6,
        "requires": {
            "python_version": "3.8"
        },
        "sources": [
            {
                "name": "pypi",
                "url": "https://pypi.org/simple",
                "verify_ssl": true
            }
        ]
    },
    "default": {
        "chess": {
            "hashes": [
                "sha256:7a7e167454f06c2326f25e099b9d8bca2aa6da20a20a2bb55de640552ca445aa",
                "sha256:966ba6483559dc0f9f3abd6faf2bca2e10550466af423be79a8765639d3dcd33"
            ],
            "index": "pypi",
            "version": "==1.6.1"
        }
    },
    "develop": {}
}
